
Microsoft Visual Studio Solution File, Format Version 12.00
# Visual Studio Version 17
VisualStudioVersion = 17.4.33122.133
MinimumVisualStudioVersion = 10.0.40219.1
Project("{9A19103F-16F7-4668-BE54-9A1E7A4F7556}") = "TVSimulator.ChannelGenerator", "samples\Simple\TVSimulator.ChannelGenerator.csproj", "{4E19B614-3073-4DA3-961B-37F86247C2B1}"
EndProject
Project("{9A19103F-16F7-4668-BE54-9A1E7A4F7556}") = "Jellyfin.Sdk", "src\Jellyfin.Sdk.csproj", "{573621BF-B374-49C2-81F5-B735801DE38E}"
EndProject
Global
	GlobalSection(SolutionConfigurationPlatforms) = preSolution
		Debug|Any CPU = Debug|Any CPU
		Release|Any CPU = Release|Any CPU
	EndGlobalSection
	GlobalSection(ProjectConfigurationPlatforms) = postSolution
		{4E19B614-3073-4DA3-961B-37F86247C2B1}.Debug|Any CPU.ActiveCfg = Debug|Any CPU
		{4E19B614-3073-4DA3-961B-37F86247C2B1}.Debug|Any CPU.Build.0 = Debug|Any CPU
		{4E19B614-3073-4DA3-961B-37F86247C2B1}.Release|Any CPU.ActiveCfg = Release|Any CPU
		{4E19B614-3073-4DA3-961B-37F86247C2B1}.Release|Any CPU.Build.0 = Release|Any CPU
		{573621BF-B374-49C2-81F5-B735801DE38E}.Debug|Any CPU.ActiveCfg = Debug|Any CPU
		{573621BF-B374-49C2-81F5-B735801DE38E}.Debug|Any CPU.Build.0 = Debug|Any CPU
		{573621BF-B374-49C2-81F5-B735801DE38E}.Release|Any CPU.ActiveCfg = Release|Any CPU
		{573621BF-B374-49C2-81F5-B735801DE38E}.Release|Any CPU.Build.0 = Release|Any CPU
	EndGlobalSection
	GlobalSection(SolutionProperties) = preSolution
		HideSolutionNode = FALSE
	EndGlobalSection
	GlobalSection(ExtensibilityGlobals) = postSolution
		SolutionGuid = {88A61F9E-4E2D-45FD-9EFC-96CEA3C9AE64}
	EndGlobalSection
EndGlobal
